{
  "name": "atlas",
  "version": "2.0.0",
  "lockfileVersion": 2,
  "requires": true,
  "packages": {
    "": {
      "name": "atlas",
      "version": "2.0.0",
      "license": "MIT",
      "dependencies": {
        "@adiwajshing/baileys": "^4.4.0",
        "@adiwajshing/keyed-db": "^0.2.4",
        "@bochilteam/scraper": "^4.0.22-alpha.0",
        "@develoka/angka-terbilang-js": "^1.4.2",
        "@shineiichijo/mal-news-scraper": "^0.0.2",
        "@shineiichijo/marika": "^2.0.6",
        "anime-wallpaper": "^1.1.1",
        "awesome-phonenumber": "^4.2.1",
        "axios": "^1.2.2",
        "canvacord": "^5.2.3",
        "canvas": "^2.11.0",
        "cfonts": "^3.1.1",
        "chalk": "^4.1.2",
        "cheerio": "^1.0.0-rc.12",
        "child_process": "^1.0.2",
        "crypto": "^1.0.1",
        "dhn-api": "^1.1.3",
        "discord-mongoose-economy": "^1.2.0",
        "discord-xp": "^1.1.16",
        "dotenv": "^16.0.3",
        "emoji-api": "^3.0.1",
        "express": "^4.18.2",
        "ffmpeg": "^0.0.4",
        "figlet": "^1.5.2",
        "file-type": "^16.5.3",
        "fluent-ffmpeg": "^2.1.2",
        "forever-monitor": "^1.5.2",
        "form-data": "^4.0.0",
        "fs": "^0.0.1-security",
        "g-i-s": "^2.1.6",
        "gifencoder": "^2.0.1",
        "google-it": "^1.6.4",
        "google-tts-api": "^2.0.2",
        "got": "^12.5.3",
        "https": "^1.0.0",
        "human-readable": "^0.2.1",
        "hxz-api": "^1.0.1",
        "imagemagick": "^0.1.3",
        "imgbb-uploader": "^1.5.0",
        "insta-fetcher": "^1.3.25",
        "jsdom": "^20.0.3",
        "listen": "^1.0.1",
        "lowdb": "^5.0.5",
        "marker": "^0.1.2",
        "mathjs": "^11.5.0",
        "moment-timezone": "^0.5.40",
        "mongo-glob-economy": "^1.0.12",
        "mongoose": "^6.9.1",
        "mumaker": "^1.0.0",
        "node-cron": "^3.0.2",
        "node-fetch": "^2.6.1",
        "node-id3": "^0.2.5",
        "node-periodic-table": "^0.0.6",
        "node-webpmux": "^3.1.3",
        "node-youtube-music": "^0.9.0",
        "os": "^0.1.2",
        "path": "^0.12.7",
        "pino": "^8.10.0",
        "promise-mysql": "^5.2.0",
        "ptable": "^0.0.3",
        "qrcode": "^1.5.1",
        "qs": "^6.11.0",
        "random-seed": "^0.3.0",
        "random-useragent": "^0.5.0",
        "readline": "^1.3.0",
        "remove.bg": "^1.3.0",
        "request": "^2.88.2",
        "rumus-bdr": "^1.0.0",
        "upscaler": "^1.0.0-beta.13",
        "util": "^0.12.5",
        "wa-sticker-formatter": "^4.3.2",
        "wikipedia": "^1.2.0",
        "yargs": "^17.6.2",
        "yarn": "^1.22.19",
        "youtube-yts": "^2.0.0",
        "youtubedl-core": "^4.11.2"
      },
      "devDependencies": {
        "@hapi/boom": "^10.0.0",
        "jimp": "^0.16.2",
        "pino": "^8.10.0",
        "qrcode-terminal": "^0.12.0"
      }
    },
    "node_modules/@adiwajshing/baileys": {
      "version": "4.4.0",
      "resolved": "https://registry.npmjs.org/@adiwajshing/baileys/-/baileys-4.4.0.tgz",
      "integrity": "sha512-5gEnkJBgraLL0USzndxto8ofYhWyMFZVkpZ4rD1nPqrjBjGMt+k+YDpllpFpOfA0yxWZb6nPrr04ikQv++dz2Q==",
      "dependencies": {
        "@hapi/boom": "^9.1.3",
        "axios": "^0.24.0",
        "futoin-hkdf": "^1.5.0",
        "libsignal": "git+https://github.com/adiwajshing/libsignal-node.git",
        "music-metadata": "^7.12.3",
        "node-cache": "^5.1.2",
        "pino": "^7.0.0",
        "protobufjs": "^6.11.3",
        "ws": "^8.0.0"
      },
      "peerDependencies": {
        "@adiwajshing/keyed-db": "^0.2.4",
        "jimp": "^0.16.1",
        "link-preview-js": "^2.1.13",
        "qrcode-terminal": "^0.12.0",
        "sharp": "^0.30.5"
      },
      "peerDependenciesMeta": {
        "@adiwajshing/keyed-db": {
          "optional": true
        },
        "jimp": {
          "optional": true
        },
        "link-preview-js": {
          "optional": true
        },
        "qrcode-terminal": {
          "optional": true
        },
        "sharp": {
          "optional": true
        }
      }
    },
    "node_modules/@adiwajshing/baileys/node_modules/@hapi/boom": {
      "version": "9.1.4",
      "resolved": "https://registry.npmjs.org/@hapi/boom/-/boom-9.1.4.tgz",
      "integrity": "sha512-Ls1oH8jaN1vNsqcaHVYJrKmgMcKsC1wcp8bujvXrHaAqD2iDYq3HoOwsxwo09Cuda5R5nC0o0IxlrlTuvPuzSw==",
      "dependencies": {
        "@hapi/hoek": "9.x.x"
      }
    },
    "node_modules/@adiwajshing/baileys/node_modules/@hapi/hoek": {
      "version": "9.3.0",
      "resolved": "https://registry.npmjs.org/@hapi/hoek/-/hoek-9.3.0.tgz",
      "integrity": "sha512-/c6rf4UJlmHlC9b5BaNvzAcFv7HZ2QHaV0D4/HNlBdvFnvQq8RI4kYdhyPCl7Xj+oWvTWQ8ujhqS53LIgAe6KQ=="
    },
    "node_modules/@adiwajshing/baileys/node_modules/axios": {
      "version": "0.24.0",
      "resolved": "https://registry.npmjs.org/axios/-/axios-0.24.0.tgz",
      "integrity": "sha512-Q6cWsys88HoPgAaFAVUb0WpPk0O8iTeisR9IMqy9G8AbO4NlpVknrnQS03zzF9PGAWgO3cgletO3VjV/P7VztA==",
      "dependencies": {
        "follow-redirects": "^1.14.4"
      }
    },
    "node_modules/@adiwajshing/baileys/node_modules/on-exit-leak-free": {
      "version": "0.2.0",
      "resolved": "https://registry.npmjs.org/on-exit-leak-free/-/on-exit-leak-free-0.2.0.tgz",
      "integrity": "sha512-dqaz3u44QbRXQooZLTUKU41ZrzYrcvLISVgbrzbyCMxpmSLJvZ3ZamIJIZ29P6OhZIkNIQKosdeM6t1LYbA9hg=="
    },
    "node_modules/@adiwajshing/baileys/node_modules/pino": {
      "version": "7.11.0",
      "resolved": "https://registry.npmjs.org/pino/-/pino-7.11.0.tgz",
      "integrity": "sha512-dMACeu63HtRLmCG8VKdy4cShCPKaYDR4youZqoSWLxl5Gu99HUw8bw75thbPv9Nip+H+QYX8o3ZJbTdVZZ2TVg==",
      "dependencies": {
        "atomic-sleep": "^1.0.0",
        "fast-redact": "^3.0.0",
        "on-exit-leak-free": "^0.2.0",
        "pino-abstract-transport": "v0.5.0",
        "pino-std-serializers": "^4.0.0",
        "process-warning": "^1.0.0",
        "quick-format-unescaped": "^4.0.3",
        "real-require": "^0.1.0",
        "safe-stable-stringify": "^2.1.0",
        "sonic-boom": "^2.2.1",
        "thread-stream": "^0.15.1"
      },
      "bin": {
        "pino": "bin.js"
      }
    },
    "node_modules/@adiwajshing/baileys/node_modules/pino-abstract-transport": {
      "version": "0.5.0",
      "resolved": "https://registry.npmjs.org/pino-abstract-transport/-/pino-abstract-transport-0.5.0.tgz",
      "integrity": "sha512-+KAgmVeqXYbTtU2FScx1XS3kNyfZ5TrXY07V96QnUSFqo2gAqlvmaxH67Lj7SWazqsMabf+58ctdTcBgnOLUOQ==",
      "dependencies": {
        "duplexify": "^4.1.2",
        "split2": "^4.0.0"
      }
    },
    "node_modules/@adiwajshing/baileys/node_modules/pino-std-serializers": {
      "version": "4.0.0",
      "resolved": "https://registry.npmjs.org/pino-std-serializers/-/pino-std-serializers-4.0.0.tgz",
      "integrity": "sha512-cK0pekc1Kjy5w9V2/n+8MkZwusa6EyyxfeQCB799CQRhRt/CqYKiWs5adeu8Shve2ZNffvfC/7J64A2PJo1W/Q=="
    },
    "node_modules/@adiwajshing/baileys/node_modules/process-warning": {
      "version": "1.0.0",
      "resolved": "https://registry.npmjs.org/process-warning/-/process-warning-1.0.0.tgz",
      "integrity": "sha512-du4wfLyj4yCZq1VupnVSZmRsPJsNuxoDQFdCFHLaYiEbFBD7QE0a+I4D7hOxrVnh78QE/YipFAj9lXHiXocV+Q=="
    },
    "node_modules/@adiwajshing/baileys/node_modules/real-require": {
      "version": "0.1.0",
      "resolved": "https://registry.npmjs.org/real-require/-/real-require-0.1.0.tgz",
      "integrity": "sha512-r/H9MzAWtrv8aSVjPCMFpDMl5q66GqtmmRkRjpHTsp4zBAa+snZyiQNlMONiUmEJcsnaw0wCauJ2GWODr/aFkg==",
      "engines": {
        "node": ">= 12.13.0"
      }
    },
    "node_modules/@adiwajshing/baileys/node_modules/sonic-boom": {
      "version": "2.8.0",
      "resolved": "https://registry.npmjs.org/sonic-boom/-/sonic-boom-2.8.0.tgz",
      "integrity": "sha512-kuonw1YOYYNOve5iHdSahXPOK49GqwA+LZhI6Wz/l0rP57iKyXXIHaRagOBHAPmGwJC6od2Z9zgvZ5loSgMlVg==",
      "dependencies": {
        "atomic-sleep": "^1.0.0"
      }
    },
    "node_modules/@adiwajshing/baileys/node_modules/thread-stream": {
      "version": "0.15.2",
      "resolved": "https://registry.npmjs.org/thread-stream/-/thread-stream-0.15.2.tgz",
      "integrity": "sha512-UkEhKIg2pD+fjkHQKyJO3yoIvAP3N6RlNFt2dUhcS1FGvCD1cQa1M/PGknCLFIyZdtJOWQjejp7bdNqmN7zwdA==",
      "dependencies": {
        "real-require": "^0.1.0"
      }
    },
    "node_modules/@adiwajshing/keyed-db": {
      "version": "0.2.4",
      "resolved": "https://registry.npmjs.org/@adiwajshing/keyed-db/-/keyed-db-0.2.4.tgz",
      "integrity": "sha512-yprSnAtj80/VKuDqRcFFLDYltoNV8tChNwFfIgcf6PGD4sjzWIBgs08pRuTqGH5mk5wgL6PBRSsMCZqtZwzFEw=="
    },
    "node_modules/@aws-crypto/ie11-detection": {
      "version": "3.0.0",
      "resolved": "https://registry.npmjs.org/@aws-crypto/ie11-detection/-/ie11-detection-3.0.0.tgz",
      "integrity": "sha512-341lBBkiY1DfDNKai/wXM3aujNBkXR7tq1URPQDL9wi3AUbI80NR74uF1TXHMm7po1AcnFk8iu2S2IeU/+/A+Q==",
      "optional": true,
      "dependencies": {
        "tslib": "^1.11.1"
      }
    },
    "node_modules/@aws-crypto/ie11-detection/node_modules/tslib": {
      "version": "1.14.1",
      "resolved": "https://registry.npmjs.org/tslib/-/tslib-1.14.1.tgz",
      "integrity": "sha512-Xni35NKzjgMrwevysHTCArtLDpPvye8zV/0E4EyYn43P7/7qvQwPh9BGkHewbMulVntbigmcT7rdX3BNo9wRJg==",
      "optional": true
    },
    "node_modules/@aws-crypto/sha256-browser": {
      "version": "3.0.0",
      "resolved": "https://registry.npmjs.org/@aws-crypto/sha256-browser/-/sha256-browser-3.0.0.tgz",
      "integrity": "sha512-8VLmW2B+gjFbU5uMeqtQM6Nj0/F1bro80xQXCW6CQBWgosFWXTx77aeOF5CAIAmbOK64SdMBJdNr6J41yP5mvQ==",
      "optional": true,
      "dependencies": {
        "@aws-crypto/ie11-detection": "^3.0.0",
        "@aws-crypto/sha256-js": "^3.0.0",
        "@aws-crypto/supports-web-crypto": "^3.0.0",
        "@aws-crypto/util": "^3.0.0",
        "@aws-sdk/types": "^3.222.0",
        "@aws-sdk/util-locate-window": "^3.0.0",
        "@aws-sdk/util-utf8-browser": "^3.0.0",
        "tslib": "^1.11.1"
      }
    },
    "node_modules/@aws-crypto/sha256-browser/node_modules/tslib": {
      "version": "1.14.1",
      "resolved": "https://registry.npmjs.org/tslib/-/tslib-1.14.1.tgz",
      "integrity": "sha512-Xni35NKzjgMrwevysHTCArtLDpPvye8zV/0E4EyYn43P7/7qvQwPh9BGkHewbMulVntbigmcT7rdX3BNo9wRJg==",
      "optional": true
    },
    "node_modules/@aws-crypto/sha256-js": {
      "version": "3.0.0",
      "resolved": "https://registry.npmjs.org/@aws-crypto/sha256-js/-/sha256-js-3.0.0.tgz",
      "integrity": "sha512-PnNN7os0+yd1XvXAy23CFOmTbMaDxgxXtTKHybrJ39Y8kGzBATgBFibWJKH6BhytLI/Zyszs87xCOBNyBig6vQ==",
      "optional": true,
      "dependencies": {
        "@aws-crypto/util": "^3.0.0",
        "@aws-sdk/types": "^3.222.0",
        "tslib": "^1.11.1"
      }
    },
    "node_modules/@aws-crypto/sha256-js/node_modules/tslib": {
      "version": "1.14.1",
      "resolved": "https://registry.npmjs.org/tslib/-/tslib-1.14.1.tgz",
      "integrity": "sha512-Xni35NKzjgMrwevysHTCArtLDpPvye8zV/0E4EyYn43P7/7qvQwPh9BGkHewbMulVntbigmcT7rdX3BNo9wRJg==",
      "optional": true
    },
    "node_modules/@aws-crypto/supports-web-crypto": {
      "version": "3.0.0",
      "resolved": "https://registry.npmjs.org/@aws-crypto/supports-web-crypto/-/supports-web-crypto-3.0.0.tgz",
      "integrity": "sha512-06hBdMwUAb2WFTuGG73LSC0wfPu93xWwo5vL2et9eymgmu3Id5vFAHBbajVWiGhPO37qcsdCap/FqXvJGJWPIg==",
      "optional": true,
      "dependencies": {
        "tslib": "^1.11.1"
      }
    },
    "node_modules/@aws-crypto/supports-web-crypto/node_modules/tslib": {
      "version": "1.14.1",
      "resolved": "https://registry.npmjs.org/tslib/-/tslib-1.14.1.tgz",
      "integrity": "sha512-Xni35NKzjgMrwevysHTCArtLDpPvye8zV/0E4EyYn43P7/7qvQwPh9BGkHewbMulVntbigmcT7rdX3BNo9wRJg==",
      "optional": true
    },
    "node_modules/@aws-crypto/util": {
      "version": "3.0.0",
      "resolved": "https://registry.npmjs.org/@aws-crypto/util/-/util-3.0.0.tgz",
      "integrity": "sha512-2OJlpeJpCR48CC8r+uKVChzs9Iungj9wkZrl8Z041DWEWvyIHILYKCPNzJghKsivj+S3mLo6BVc7mBNzdxA46w==",
      "optional": true,
      "dependencies": {
        "@aws-sdk/types": "^3.222.0",
        "@aws-sdk/util-utf8-browser": "^3.0.0",
        "tslib": "^1.11.1"
      }
    },
    "node_modules/@aws-crypto/util/node_modules/tslib": {
      "version": "1.14.1",
      "resolved": "https://registry.npmjs.org/tslib/-/tslib-1.14.1.tgz",
      "integrity": "sha512-Xni35NKzjgMrwevysHTCArtLDpPvye8zV/0E4EyYn43P7/7qvQwPh9BGkHewbMulVntbigmcT7rdX3BNo9wRJg==",
      "optional": true
    },
    "node_modules/@aws-sdk/abort-controller": {
      "version": "3.267.0",
      "resolved": "https://registry.npmjs.org/@aws-sdk/abort-controller/-/abort-controller-3.267.0.tgz",
      "integrity": "sha512-5R7OSnHFV/f+qQpMf1RuSQoVdXroK94Vl6naWjMOAhMyofHykVhEok9hmFPac86AVx8rVX/vuA7u9GKI6/EE7g==",
      "optional": true,
      "dependencies": {
        "@aws-sdk/types": "3.267.0",
        "tslib": "^2.3.1"
      },
      "engines": {
        "node": ">=14.0.0"
      }
    },
    "node_modules/@aws-sdk/client-cognito-identity": {
      "version": "3.267.0",
      "resolved": "https://registry.npmjs.org/@aws-sdk/client-cognito-identity/-/client-cognito-identity-3.267.0.tgz",
      "integrity": "sha512-jEE5aw7wp7VhiaU0vCbNQbEIhiaNZnBhRj+vJVCd2HQBI9IVLVXAoyExWxLruAXKEO+A1w1df+fwZAOo0M7aQQ==",
      "optional": true,
      "dependencies": {
        "@aws-crypto/sha256-browser": "3.0.0",
        "@aws-crypto/sha256-js": "3.0.0",
        "@aws-sdk/client-sts": "3.267.0",
        "@aws-sdk/config-resolver": "3.267.0",
        "@aws-sdk/credential-provider-node": "3.267.0",
        "@aws-sdk/fetch-http-handler": "3.267.0",
        "@aws-sdk/hash-node": "3.267.0",
        "@aws-sdk/invalid-dependency": "3.267.0",
        "@aws-sdk/middleware-content-length": "3.267.0",
        "@aws-sdk/middleware-endpoint": "3.267.0",
        "@aws-sdk/middleware-host-header": "3.267.0",
        "@aws-sdk/middleware-logger": "3.267.0",
        "@aws-sdk/middleware-recursion-detection": "3.267.0",
        "@aws-sdk/middleware-retry": "3.267.0",
        "@aws-sdk/middleware-serde": "3.267.0",
        "@aws-sdk/middleware-signing": "3.267.0",
        "@aws-sdk/middleware-stack": "3.267.0",
        "@aws-sdk/middleware-user-agent": "3.267.0",
        "@aws-sdk/node-config-provider": "3.267.0",
        "@aws-sdk/node-http-handler": "3.267.0",
        "@aws-sdk/protocol-http": "3.267.0",
        "@aws-sdk/smithy-client": "3.267.0",
        "@aws-sdk/types": "3.267.0",
        "@aws-sdk/url-parser": "3.267.0",
        "@aws-sdk/util-base64": "3.208.0",
        "@aws-sdk/util-body-length-browser": "3.188.0",
        "@aws-sdk/util-body-length-node": "3.208.0",
        "@aws-sdk/util-defaults-mode-browser": "3.267.0",
        "@aws-sdk/util-defaults-mode-node": "3.267.0",
        "@aws-sdk/util-endpoints": "3.267.0",
        "@aws-sdk/util-retry": "3.267.0",
        "@aws-sdk/util-user-agent-browser": "3.267.0",
        "@aws-sdk/util-user-agent-node": "3.267.0",
        "@aws-sdk/util-utf8": "3.254.0",
        "tslib": "^2.3.1"
      },
      "engines": {
        "node": ">=14.0.0"
      }
    },
    "node_modules/@aws-sdk/client-sso": {
      "version": "3.267.0",
      "resolved": "https://registry.npmjs.org/@aws-sdk/client-sso/-/client-sso-3.267.0.tgz",
      "integrity": "sha512-/475/mT0gYhimpCdK4iZW+eX0DT6mkTgVk5P9ARpQGzEblFM6i2pE7GQnlGeLyHVOtA0cNAyGrWUuj2pyigUaA==",
      "optional": true,
      "dependencies": {
        "@aws-crypto/sha256-browser": "3.0.0",
        "@aws-crypto/sha256-js": "3.0.0",
        "@aws-sdk/config-resolver": "3.267.0",
        "@aws-sdk/fetch-http-handler": "3.267.0",
        "@aws-sdk/hash-node": "3.267.0",
        "@aws-sdk/invalid-dependency": "3.267.0",
        "@aws-sdk/middleware-content-length": "3.267.0",
        "@aws-sdk/middleware-endpoint": "3.267.0",
        "@aws-sdk/middleware-host-header": "3.267.0",
        "@aws-sdk/middleware-logger": "3.267.0",
        "@aws-sdk/middleware-recursion-detection": "3.267.0",
        "@aws-sdk/middleware-retry": "3.267.0",
        "@aws-sdk/middleware-serde": "3.267.0",
        "@aws-sdk/middleware-stack": "3.267.0",
        "@aws-sdk/middleware-user-agent": "3.267.0",
        "@aws-sdk/node-config-provider": "3.267.0",
        "@aws-sdk/node-http-handler": "3.267.0",
        "@aws-sdk/protocol-http": "3.267.0",
        "@aws-sdk/smithy-client": "3.267.0",
        "@aws-sdk/types": "3.267.0",
        "@aws-sdk/url-parser": "3.267.0",
        "@aws-sdk/util-base64": "3.208.0",
        "@aws-sdk/util-body-length-browser": "3.188.0",
        "@aws-sdk/util-body-length-node": "3.208.0",
        "@aws-sdk/util-defaults-mode-browser": "3.267.0",
        "@aws-sdk/util-defaults-mode-node": "3.267.0",
        "@aws-sdk/util-endpoints": "3.267.0",
        "@aws-sdk/util-retry": "3.267.0",
        "@aws-sdk/util-user-agent-browser": "3.267.0",
        "@aws-sdk/util-user-agent-node": "3.267.0",
        "@aws-sdk/util-utf8": "3.254.0",
        "tslib": "^2.3.1"
      },
      "engines": {
        "node": ">=14.0.0"
      }
    },
    "node_modules/@aws-sdk/client-sso-oidc": {
      "version": "3.267.0",
      "resolved": "https://registry.npmjs.org/@aws-sdk/client-sso-oidc/-/client-sso-oidc-3.267.0.tgz",
      "integrity": "sha512-Jdq0v0mJSJbG/CKLfHC1L0cjCot48Y6lLMQV1lfkYE65xD0ZSs8Gl7P/T391ZH7cLO6ifVoPdsYnwzhi1ZPXSQ==",
      "optional": true,
      "dependencies": {
        "@aws-crypto/sha256-browser": "3.0.0",
        "@aws-crypto/sha256-js": "3.0.0",
        "@aws-sdk/config-resolver": "3.267.0",
        "@aws-sdk/fetch-http-handler": "3.267.0",
        "@aws-sdk/hash-node": "3.267.0",
        "@aws-sdk/invalid-dependency": "3.267.0",
        "@aws-sdk/middleware-content-length": "3.267.0",
        "@aws-sdk/middleware-endpoint": "3.267.0",
        "@aws-sdk/middleware-host-header": "3.267.0",
        "@aws-sdk/middleware-logger": "3.267.0",
        "@aws-sdk/middleware-recursion-detection": "3.267.0",
        "@aws-sdk/middleware-retry": "3.267.0",
        "@aws-sdk/middleware-serde": "3.267.0",
        "@aws-sdk/middleware-stack": "3.267.0",
        "@aws-sdk/middleware-user-agent": "3.267.0",
        "@aws-sdk/node-config-provider": "3.267.0",
        "@aws-sdk/node-http-handler": "3.267.0",
        "@aws-sdk/protocol-http": "3.267.0",
        "@aws-sdk/smithy-client": "3.267.0",
        "@aws-sdk/types": "3.267.0",
        "@aws-sdk/url-parser": "3.267.0",
        "@aws-sdk/util-base64": "3.208.0",
        "@aws-sdk/util-body-length-browser": "3.188.0",
        "@aws-sdk/util-body-length-node": "3.208.0",
        "@aws-sdk/util-defaults-mode-browser": "3.267.0",
        "@aws-sdk/util-defaults-mode-node": "3.267.0",
        "@aws-sdk/util-endpoints": "3.267.0",
        "@aws-sdk/util-retry": "3.267.0",
        "@aws-sdk/util-user-agent-browser": "3.267.0",
        "@aws-sdk/util-user-agent-node": "3.267.0",
        "@aws-sdk/util-utf8": "3.254.0",
        "tslib": "^2.3.1"
      },
      "engines": {
        "node": ">=14.0.0"
      }
    },
    "node_modules/@aws-sdk/client-sts": {
      "version": "3.267.0",
      "resolved": "https://registry.npmjs.org/@aws-sdk/client-sts/-/client-sts-3.267.0.tgz",
      "integrity": "sha512-bJ+SwJZAP3DuDUgToDV89HsB80IhSfB1rhzLG9csqs6h7uMLO8H1/fymElYKT4VMMAA+rpWJ3pznyGiCK7w28A==",
      "optional": true,
      "dependencies": {
        "@aws-crypto/sha256-browser": "3.0.0",
        "@aws-crypto/sha256-js": "3.0.0",
        "@aws-sdk/config-resolver": "3.267.0",
        "@aws-sdk/credential-provider-node": "3.267.0",
        "@aws-sdk/fetch-http-handler": "3.267.0",
        "@aws-sdk/hash-node": "3.267.0",
        "@aws-sdk/invalid-dependency": "3.267.0",
        "@aws-sdk/middleware-content-length": "3.267.0",
        "@aws-sdk/middleware-endpoint": "3.267.0",
        "@aws-sdk/middleware-host-header": "3.267.0",
        "@aws-sdk/middleware-logger": "3.267.0",
       